
Microsoft Visual Studio Solution File, Format Version 12.00
# Visual Studio 2012
Project("{FAE04EC0-301F-11D3-BF4B-00C04F79EFBC}") = "Versaler", "Versaler.csproj", "{68547C9A-A8D1-41AA-ADE4-7B18333AC972}"
EndProject
Global
	GlobalSection(SolutionConfigurationPlatforms) = preSolution
		Debug|Any CPU = Debug|Any CPU
		Release|Any CPU = Release|Any CPU
	EndGlobalSection
	GlobalSection(ProjectConfigurationPlatforms) = postSolution
		{68547C9A-A8D1-41AA-ADE4-7B18333AC972}.Debug|Any CPU.ActiveCfg = Debug|Any CPU
		{68547C9A-A8D1-41AA-ADE4-7B18333AC972}.Debug|Any CPU.Build.0 = Debug|Any CPU
		{68547C9A-A8D1-41AA-ADE4-7B18333AC972}.Release|Any CPU.ActiveCfg = Release|Any CPU
		{68547C9A-A8D1-41AA-ADE4-7B18333AC972}.Release|Any CPU.Build.0 = Release|Any CPU
	EndGlobalSection
	GlobalSection(SolutionProperties) = preSolution
		HideSolutionNode = FALSE
	EndGlobalSection
EndGlobal
